
Microsoft Visual Studio Solution File, Format Version 12.00
# Visual Studio 14
VisualStudioVersion = 14.0.25123.0
MinimumVisualStudioVersion = 10.0.40219.1
Project("{FAE04EC0-301F-11D3-BF4B-00C04F79EFBC}") = "testMongo", "testMongo\testMongo.csproj", "{221D6F97-BE6E-4246-B586-DE5B3A70F0E3}"
EndProject
Global
	GlobalSection(SolutionConfigurationPlatforms) = preSolution
		Debug|Any CPU = Debug|Any CPU
		Release|Any CPU = Release|Any CPU
	EndGlobalSection
	GlobalSection(ProjectConfigurationPlatforms) = postSolution
		{221D6F97-BE6E-4246-B586-DE5B3A70F0E3}.Debug|Any CPU.ActiveCfg = Debug|Any CPU
		{221D6F97-BE6E-4246-B586-DE5B3A70F0E3}.Debug|Any CPU.Build.0 = Debug|Any CPU
		{221D6F97-BE6E-4246-B586-DE5B3A70F0E3}.Release|Any CPU.ActiveCfg = Release|Any CPU
		{221D6F97-BE6E-4246-B586-DE5B3A70F0E3}.Release|Any CPU.Build.0 = Release|Any CPU
	EndGlobalSection
	GlobalSection(SolutionProperties) = preSolution
		HideSolutionNode = FALSE
	EndGlobalSection
EndGlobal
